// !$*UTF8*$!
{
	archiveVersion = 1;
	classes = {
	};
	objectVersion = 46;
	objects = {

/* Begin PBXBuildFile section */
		60B6542C1CD97CA7000497AE /* AppDelegate.swift in Sources */ = {isa = PBXBuildFile; fileRef = 60B6542B1CD97CA7000497AE /* AppDelegate.swift */; };
		60B6542E1CD97CA7000497AE /* ViewController.swift in Sources */ = {isa = PBXBuildFile; fileRef = 60B6542D1CD97CA7000497AE /* ViewController.swift */; };
		60B654311CD97CA7000497AE /* Main.storyboard in Resources */ = {isa = PBXBuildFile; fileRef = 60B6542F1CD97CA7000497AE /* Main.storyboard */; };
		60B654331CD97CA7000497AE /* Assets.xcassets in Resources */ = {isa = PBXBuildFile; fileRef = 60B654321CD97CA7000497AE /* Assets.xcassets */; };
		60B654361CD97CA7000497AE /* LaunchScreen.storyboard in Resources */ = {isa = PBXBuildFile; fileRef = 60B654341CD97CA7000497AE /* LaunchScreen.storyboard */; };
/* End PBXBuildFile section */

/* Begin PBXFileReference section */
		60B654281CD97CA7000497AE /* SL_Warmup.app */ = {isa = PBXFileReference; explicitFileType = wrapper.application; includeInIndex = 0; path = SL_Warmup.app; sourceTree = BUILT_PRODUCTS_DIR; };
		60B6542B1CD97CA7000497AE /* AppDelegate.swift */ = {isa = PBXFileReference; lastKnownFileType = sourcecode.swift; path = AppDelegate.swift; sourceTree = "<group>"; };
		60B6542D1CD97CA7000497AE /* ViewController.swift */ = {isa = PBXFileReference; lastKnownFileType = sourcecode.swift; path = ViewController.swift; sourceTree = "<group>"; };
		60B654301CD97CA7000497AE /* Base */ = {isa = PBXFileReference; lastKnownFileType = file.storyboard; name = Base; path = Base.lproj/Main.storyboard; sourceTree = "<group>"; };
		60B654321CD97CA7000497AE /* Assets.xcassets */ = {isa = PBXFileReference; lastKnownFileType = folder.assetcatalog; path = Assets.xcassets; sourceTree = "<group>"; };
		60B654351CD97CA7000497AE /* Base */ = {isa = PBXFileReference; lastKnownFileType = file.storyboard; name = Base; path = Base.lproj/LaunchScreen.storyboard; sourceTree = "<group>"; };
		60B654371CD97CA7000497AE /* Info.plist */ = {isa = PBXFileReference; lastKnownFileType = text.plist.xml; path = Info.plist; sourceTree = "<group>"; };
/* End PBXFileReference section */

/* Begin PBXFrameworksBuildPhase section */
		60B654251CD97CA7000497AE /* Frameworks */ = {
			isa = PBXFrameworksBuildPhase;
			buildActionMask = 2147483647;
			files = (
			);
			runOnlyForDeploymentPostprocessing = 0;
		};
/* End PBXFrameworksBuildPhase section */

/* Begin PBXGroup section */
		60B6541F1CD97CA7000497AE = {
			isa = PBXGroup;
			children = (
				60B6542A1CD97CA7000497AE /* SL_Warmup */,
				60B654291CD97CA7000497AE /* Products */,
			);
			sourceTree = "<group>";
		};
		60B654291CD97CA7000497AE /* Products */ = {
			isa = PBXGroup;
			children = (
				60B654281CD97CA7000497AE /* SL_Warmup.app */,
			);
			name = Products;
			sourceTree = "<group>";
		};
		60B6542A1CD97CA7000497AE /* SL_Warmup */ = {
			isa = PBXGroup;
			children = (
				60B6542B1CD97CA7000497AE /* AppDelegate.swift */,
				60B6542D1CD97CA7000497AE /* ViewController.swift */,
				60B6542F1CD97CA7000497AE /* Main.storyboard */,
				60B654321CD97CA7000497AE /* Assets.xcassets */,
				60B654341CD97CA7000497AE /* LaunchScreen.storyboard */,
				60B654371CD97CA7000497AE /* Info.plist */,
			);
			path = SL_Warmup;
			sourceTree = "<group>";
		};
/* End PBXGroup section */

/* Begin PBXNativeTarget section */
		60B654271CD97CA7000497AE /* SL_Warmup */ = {
			isa = PBXNativeTarget;
			buildConfigurationList = 60B6543A1CD97CA7000497AE /* Build configuration list for PBXNativeTarget "SL_Warmup" */;
			buildPhases = (
				60B654241CD97CA7000497AE /* Sources */,
				60B654251CD97CA7000497AE /* Frameworks */,
				60B654261CD97CA7000497AE /* Resources */,
			);
			buildRules = (
			);
			dependencies = (
			);
			name = SL_Warmup;
			productName = SL_Warmup;
			productReference = 60B654281CD97CA7000497AE /* SL_Warmup.app */;
			productType = "com.apple.product-type.application";
		};
/* End PBXNativeTarget section */

/* Begin PBXProject section */
		60B654201CD97CA7000497AE /* Project object */ = {
			isa = PBXProject;
			attributes = {
				LastSwiftUpdateCheck = 0730;
				LastUpgradeCheck = 0730;
				ORGANIZATIONNAME = PBJ;
				TargetAttributes = {
					60B654271CD97CA7000497AE = {
						CreatedOnToolsVersion = 7.3;
						DevelopmentTeam = 6F3Q8454V6;
					};
				};
			};
			buildConfigurationList = 60B654231CD97CA7000497AE /* Build configuration list for PBXProject "SL_Warmup" */;
			compatibilityVersion = "Xcode 3.2";
			developmentRegion = English;
			hasScannedForEncodings = 0;
			knownRegions = (
				en,
				Base,
			);
			mainGroup = 60B6541F1CD97CA7000497AE;
			productRefGroup = 60B654291CD97CA7000497AE /* Products */;
			projectDirPath = "";
			projectRoot = "";
			targets = (
				60B654271CD97CA7000497AE /* SL_Warmup */,
			);
		};
/* End PBXProject section */

/* Begin PBXResourcesBuildPhase section */
		60B654261CD97CA7000497AE /* Resources */ = {
			isa = PBXResourcesBuildPhase;
			buildActionMask = 2147483647;
			files = (
				60B654361CD97CA7000497AE /* LaunchScreen.storyboard in Resources */,
				60B654331CD97CA7000497AE /* Assets.xcassets in Resources */,
				60B654311CD97CA7000497AE /* Main.storyboard in Resources */,
			);
			runOnlyForDeploymentPostprocessing = 0;
		};
/* End PBXResourcesBuildPhase section */

/* Begin PBXSourcesBuildPhase section */
		60B654241CD97CA7000497AE /* Sources */ = {
			isa = PBXSourcesBuildPhase;
			buildActionMask = 2147483647;
			files = (
				60B6542E1CD97CA7000497AE /* ViewController.swift in Sources */,
				60B6542C1CD97CA7000497AE /* AppDelegate.swift in Sources */,
			);
			runOnlyForDeploymentPostprocessing = 0;
		};
/* End PBXSourcesBuildPhase section */

/* Begin PBXVariantGroup section */
		60B6542F1CD97CA7000497AE /* Main.storyboard */ = {
			isa = PBXVariantGroup;
			children = (
				60B654301CD97CA7000497AE /* Base */,
			);
			name = Main.storyboard;
			sourceTree = "<group>";
		};
		60B654341CD97CA7000497AE /* LaunchScreen.storyboard */ = {
			isa = PBXVariantGroup;
			children = (
				60B654351CD97CA7000497AE /* Base */,
			);
			name = LaunchScreen.storyboard;
			sourceTree = "<group>";
		};
/* End PBXVariantGroup section */

/* Begin XCBuildConfiguration section */
		60B654381CD97CA7000497AE /* Debug */ = {
			isa = XCBuildConfiguration;
			buildSettings = {
				ALWAYS_SEARCH_USER_PATHS = NO;
				CLANG_ANALYZER_NONNULL = YES;
				CLANG_CXX_LANGUAGE_STANDARD = "gnu++0x";
				CLANG_CXX_LIBRARY = "libc++";
				CLANG_ENABLE_MODULES = YES;
				CLANG_ENABLE_OBJC_ARC = YES;
				CLANG_WARN_BOOL_CONVERSION = YES;
				CLANG_WARN_CONSTANT_CONVERSION = YES;
				CLANG_WARN_DIRECT_OBJC_ISA_USAGE = YES_ERROR;
				CLANG_WARN_EMPTY_BODY = YES;
				CLANG_WARN_ENUM_CONVERSION = YES;
				CLANG_WARN_INT_CONVERSION = YES;
				CLANG_WARN_OBJC_ROOT_CLASS = YES_ERROR;
				CLANG_WARN_UNREACHABLE_CODE = YES;
				CLANG_WARN__DUPLICATE_METHOD_MATCH = YES;
				"CODE_SIGN_IDENTITY[sdk=iphoneos*]" = "iPhone Developer";
				COPY_PHASE_STRIP = NO;
				DEBUG_INFORMATION_FORMAT = dwarf;
				ENABLE_STRICT_OBJC_MSGSEND = YES;
				ENABLE_TESTABILITY = YES;
				GCC_C_LANGUAGE_STANDARD = gnu99;
				GCC_DYNAMIC_NO_PIC = NO;
				GCC_NO_COMMON_BLOCKS = YES;
				GCC_OPTIMIZATION_LEVEL = 0;
				GCC_PREPROCESSOR_DEFINITIONS = (
					"DEBUG=1",
					"$(inherited)",
				);
				GCC_WARN_64_TO_32_BIT_CONVERSION = YES;
				GCC_WARN_ABOUT_RETURN_TYPE = YES_ERROR;
				GCC_WARN_UNDECLARED_SELECTOR = YES;
				GCC_WARN_UNINITIALIZED_AUTOS = YES_AGGRESSIVE;
				GCC_WARN_UNUSED_FUNCTION = YES;
				GCC_WARN_UNUSED_VARIABLE = YES;
				IPHONEOS_DEPLOYMENT_TARGET = 9.3;
				MTL_ENABLE_DEBUG_INFO = YES;
				ONLY_ACTIVE_ARCH = YES;
				SDKROOT = iphoneos;
				SWIFT_OPTIMIZATION_LEVEL = "-Onone";
			};
			name = Debug;
		};
		60B654391CD97CA7000497AE /* Release */ = {
			isa = XCBuildConfiguration;
			buildSettings = {
				ALWAYS_SEARCH_USER_PATHS = NO;
				CLANG_ANALYZER_NONNULL = YES;
				CLANG_CXX_LANGUAGE_STANDARD = "gnu++0x";
				CLANG_CXX_LIBRARY = "libc++";
				CLANG_ENABLE_MODULES = YES;
				CLANG_ENABLE_OBJC_ARC = YES;
				CLANG_WARN_BOOL_CONVERSION = YES;
				CLANG_WARN_CONSTANT_CONVERSION = YES;
				CLANG_WARN_DIRECT_OBJC_ISA_USAGE = YES_ERROR;
				CLANG_WARN_EMPTY_BODY = YES;
				CLANG_WARN_ENUM_CONVERSION = YES;
				CLANG_WARN_INT_CONVERSION = YES;
				CLANG_WARN_OBJC_ROOT_CLASS = YES_ERROR;
				CLANG_WARN_UNREACHABLE_CODE = YES;
				CLANG_WARN__DUPLICATE_METHOD_MATCH = YES;
				"CODE_SIGN_IDENTITY[sdk=iphoneos*]" = "iPhone Developer";
				COPY_PHASE_STRIP = NO;
				DEBUG_INFORMATION_FORMAT = "dwarf-with-dsym";
				ENABLE_NS_ASSERTIONS = NO;
				ENABLE_STRICT_OBJC_MSGSEND = YES;
				GCC_C_LANGUAGE_STANDARD = gnu99;
				GCC_NO_COMMON_BLOCKS = YES;
				GCC_WARN_64_TO_32_BIT_CONVERSION = YES;
				GCC_WARN_ABOUT_RETURN_TYPE = YES_ERROR;
				GCC_WARN_UNDECLARED_SELECTOR = YES;
				GCC_WARN_UNINITIALIZED_AUTOS = YES_AGGRESSIVE;
				GCC_WARN_UNUSED_FUNCTION = YES;
				GCC_WARN_UNUSED_VARIABLE = YES;
				IPHONEOS_DEPLOYMENT_TARGET = 9.3;
				MTL_ENABLE_DEBUG_INFO = NO;
				SDKROOT = iphoneos;
				VALIDATE_PRODUCT = YES;
			};
			name = Release;
		};
		60B6543B1CD97CA7000497AE /* Debug */ = {
			isa = XCBuildConfiguration;
			buildSettings = {
				ASSETCATALOG_COMPILER_APPICON_NAME = AppIcon;
				INFOPLIST_FILE = SL_Warmup/Info.plist;
				LD_RUNPATH_SEARCH_PATHS = "$(inherited) @executable_path/Frameworks";
				PRODUCT_BUNDLE_IDENTIFIER = "com.pbj.SL-Warmup";
				PRODUCT_NAME = "$(TARGET_NAME)";
			};
			name = Debug;
		};
		60B6543C1CD97CA7000497AE /* Release */ = {
			isa = XCBuildConfiguration;
			buildSettings = {
				ASSETCATALOG_COMPILER_APPICON_NAME = AppIcon;
				INFOPLIST_FILE = SL_Warmup/Info.plist;
				LD_RUNPATH_SEARCH_PATHS = "$(inherited) @executable_path/Frameworks";
				PRODUCT_BUNDLE_IDENTIFIER = "com.pbj.SL-Warmup";
				PRODUCT_NAME = "$(TARGET_NAME)";
			};
			name = Release;
		};
/* End XCBuildConfiguration section */

/* Begin XCConfigurationList section */
		60B654231CD97CA7000497AE /* Build configuration list for PBXProject "SL_Warmup" */ = {
			isa = XCConfigurationList;
			buildConfigurations = (
				60B654381CD97CA7000497AE /* Debug */,
				60B654391CD97CA7000497AE /* Release */,
			);
			defaultConfigurationIsVisible = 0;
			defaultConfigurationName = Release;
		};
		60B6543A1CD97CA7000497AE /* Build configuration list for PBXNativeTarget "SL_Warmup" */ = {
			isa = XCConfigurationList;
			buildConfigurations = (
				60B6543B1CD97CA7000497AE /* Debug */,
				60B6543C1CD97CA7000497AE /* Release */,
			);
			defaultConfigurationIsVisible = 0;
		};
/* End XCConfigurationList section */
	};
	rootObject = 60B654201CD97CA7000497AE /* Project object */;
}
